
Microsoft Visual Studio Solution File, Format Version 11.00
# Visual C++ Express 2010
Project("{8BC9CEB8-8B4A-11D0-8D11-00A0C91BC942}") = "frodo", "frodo.vcxproj", "{95C6D971-A7B0-A5B7-ECBC-055A4D7B8D90}"
EndProject
Global
	GlobalSection(SolutionConfigurationPlatforms) = preSolution
		Debug|Win32 = Debug|Win32
		Release|Win32 = Release|Win32
	EndGlobalSection
	GlobalSection(ProjectConfigurationPlatforms) = postSolution
		{95C6D971-A7B0-A5B7-ECBC-055A4D7B8D90}.Debug|Win32.ActiveCfg = Debug|Win32
		{95C6D971-A7B0-A5B7-ECBC-055A4D7B8D90}.Debug|Win32.Build.0 = Debug|Win32
		{95C6D971-A7B0-A5B7-ECBC-055A4D7B8D90}.Release|Win32.ActiveCfg = Release|Win32
		{95C6D971-A7B0-A5B7-ECBC-055A4D7B8D90}.Release|Win32.Build.0 = Release|Win32
	EndGlobalSection
	GlobalSection(SolutionProperties) = preSolution
		HideSolutionNode = FALSE
	EndGlobalSection
EndGlobal
